
Microsoft Visual Studio Solution File, Format Version 12.00
# Visual Studio Version 17
VisualStudioVersion = 17.1.32328.378
MinimumVisualStudioVersion = 10.0.40219.1
Project("{FAE04EC0-301F-11D3-BF4B-00C04F79EFBC}") = "Notebook", "Notebook.csproj", "{D3C91145-A6D8-48C7-B7E9-74665118271A}"
EndProject
Global
	GlobalSection(SolutionConfigurationPlatforms) = preSolution
		Debug|Any CPU = Debug|Any CPU
		Release|Any CPU = Release|Any CPU
	EndGlobalSection
	GlobalSection(ProjectConfigurationPlatforms) = postSolution
		{D3C91145-A6D8-48C7-B7E9-74665118271A}.Debug|Any CPU.ActiveCfg = Debug|Any CPU
		{D3C91145-A6D8-48C7-B7E9-74665118271A}.Debug|Any CPU.Build.0 = Debug|Any CPU
		{D3C91145-A6D8-48C7-B7E9-74665118271A}.Release|Any CPU.ActiveCfg = Release|Any CPU
		{D3C91145-A6D8-48C7-B7E9-74665118271A}.Release|Any CPU.Build.0 = Release|Any CPU
	EndGlobalSection
	GlobalSection(SolutionProperties) = preSolution
		HideSolutionNode = FALSE
	EndGlobalSection
	GlobalSection(ExtensibilityGlobals) = postSolution
		SolutionGuid = {A41B4775-BE59-413E-850D-86279EF8872B}
	EndGlobalSection
EndGlobal
